
Microsoft Visual Studio Solution File, Format Version 12.00
# Visual Studio 15
VisualStudioVersion = 15.0.28010.2041
MinimumVisualStudioVersion = 10.0.40219.1
Project("{FAE04EC0-301F-11D3-BF4B-00C04F79EFBC}") = "ShoppingHelper", "ShoppingHelper\ShoppingHelper.csproj", "{417B4C02-8960-4A96-AE9F-85CBAE9CD0D0}"
EndProject
Global
	GlobalSection(SolutionConfigurationPlatforms) = preSolution
		Debug|Any CPU = Debug|Any CPU
		Release|Any CPU = Release|Any CPU
	EndGlobalSection
	GlobalSection(ProjectConfigurationPlatforms) = postSolution
		{417B4C02-8960-4A96-AE9F-85CBAE9CD0D0}.Debug|Any CPU.ActiveCfg = Debug|Any CPU
		{417B4C02-8960-4A96-AE9F-85CBAE9CD0D0}.Debug|Any CPU.Build.0 = Debug|Any CPU
		{417B4C02-8960-4A96-AE9F-85CBAE9CD0D0}.Release|Any CPU.ActiveCfg = Release|Any CPU
		{417B4C02-8960-4A96-AE9F-85CBAE9CD0D0}.Release|Any CPU.Build.0 = Release|Any CPU
	EndGlobalSection
	GlobalSection(SolutionProperties) = preSolution
		HideSolutionNode = FALSE
	EndGlobalSection
	GlobalSection(ExtensibilityGlobals) = postSolution
		SolutionGuid = {A0872329-B654-446F-8FA1-7EDF4CD9D24D}
	EndGlobalSection
EndGlobal
